
Microsoft Visual Studio Solution File, Format Version 12.00
# Visual Studio 14
VisualStudioVersion = 14.0.23107.0
MinimumVisualStudioVersion = 10.0.40219.1
Project("{FAE04EC0-301F-11D3-BF4B-00C04F79EFBC}") = "ObjectLifetime", "ObjectLifetime\ObjectLifetime.csproj", "{FDECCE84-6FA5-4825-8C3C-4CCC7CA78C1A}"
EndProject
Global
	GlobalSection(SolutionConfigurationPlatforms) = preSolution
		Debug|Any CPU = Debug|Any CPU
		Release|Any CPU = Release|Any CPU
	EndGlobalSection
	GlobalSection(ProjectConfigurationPlatforms) = postSolution
		{FDECCE84-6FA5-4825-8C3C-4CCC7CA78C1A}.Debug|Any CPU.ActiveCfg = Debug|Any CPU
		{FDECCE84-6FA5-4825-8C3C-4CCC7CA78C1A}.Debug|Any CPU.Build.0 = Debug|Any CPU
		{FDECCE84-6FA5-4825-8C3C-4CCC7CA78C1A}.Release|Any CPU.ActiveCfg = Release|Any CPU
		{FDECCE84-6FA5-4825-8C3C-4CCC7CA78C1A}.Release|Any CPU.Build.0 = Release|Any CPU
	EndGlobalSection
	GlobalSection(SolutionProperties) = preSolution
		HideSolutionNode = FALSE
	EndGlobalSection
EndGlobal
